
Microsoft Visual Studio Solution File, Format Version 12.00
# Visual Studio Version 16
VisualStudioVersion = 16.0.32228.343
MinimumVisualStudioVersion = 10.0.40219.1
Project("{FAE04EC0-301F-11D3-BF4B-00C04F79EFBC}") = "OOP01", "OOP01\OOP01.csproj", "{52052CB1-6467-4E1B-91A4-E05F3A1B07BF}"
EndProject
Project("{FAE04EC0-301F-11D3-BF4B-00C04F79EFBC}") = "OOP01_2", "OOP01_2\OOP01_2.csproj", "{49BBA784-0B00-4859-A2AF-00C3BC07C177}"
EndProject
Global
	GlobalSection(SolutionConfigurationPlatforms) = preSolution
		Debug|Any CPU = Debug|Any CPU
		Release|Any CPU = Release|Any CPU
	EndGlobalSection
	GlobalSection(ProjectConfigurationPlatforms) = postSolution
		{52052CB1-6467-4E1B-91A4-E05F3A1B07BF}.Debug|Any CPU.ActiveCfg = Debug|Any CPU
		{52052CB1-6467-4E1B-91A4-E05F3A1B07BF}.Debug|Any CPU.Build.0 = Debug|Any CPU
		{52052CB1-6467-4E1B-91A4-E05F3A1B07BF}.Release|Any CPU.ActiveCfg = Release|Any CPU
		{52052CB1-6467-4E1B-91A4-E05F3A1B07BF}.Release|Any CPU.Build.0 = Release|Any CPU
		{49BBA784-0B00-4859-A2AF-00C3BC07C177}.Debug|Any CPU.ActiveCfg = Debug|Any CPU
		{49BBA784-0B00-4859-A2AF-00C3BC07C177}.Debug|Any CPU.Build.0 = Debug|Any CPU
		{49BBA784-0B00-4859-A2AF-00C3BC07C177}.Release|Any CPU.ActiveCfg = Release|Any CPU
		{49BBA784-0B00-4859-A2AF-00C3BC07C177}.Release|Any CPU.Build.0 = Release|Any CPU
	EndGlobalSection
	GlobalSection(SolutionProperties) = preSolution
		HideSolutionNode = FALSE
	EndGlobalSection
	GlobalSection(ExtensibilityGlobals) = postSolution
		SolutionGuid = {0A4564D7-77BA-4E26-A1FE-3D00F9A9CC77}
	EndGlobalSection
EndGlobal
